
Microsoft Visual Studio Solution File, Format Version 12.00
# Visual Studio 15
VisualStudioVersion = 15.0.28307.168
MinimumVisualStudioVersion = 10.0.40219.1
Project("{8BC9CEB8-8B4A-11D0-8D11-00A0C91BC942}") = "DiscordRPConsoleClient", "DiscordRPConsoleClient\DiscordRPConsoleClient.vcxproj", "{2F6B1C81-5C7F-4E5A-A5B6-FFEC53E19593}"
EndProject
Project("{2150E333-8FDC-42A3-9474-1A3956D46DE8}") = "Solution Items", "Solution Items", "{DDA80DA0-0013-42CF-9BC5-872B411F9FAF}"
	ProjectSection(SolutionItems) = preProject
		README.md = README.md
	EndProjectSection
EndProject
Global
	GlobalSection(SolutionConfigurationPlatforms) = preSolution
		Debug|x64 = Debug|x64
		Debug|x86 = Debug|x86
		Release|x64 = Release|x64
		Release|x86 = Release|x86
	EndGlobalSection
	GlobalSection(ProjectConfigurationPlatforms) = postSolution
		{2F6B1C81-5C7F-4E5A-A5B6-FFEC53E19593}.Debug|x64.ActiveCfg = Debug|x64
		{2F6B1C81-5C7F-4E5A-A5B6-FFEC53E19593}.Debug|x64.Build.0 = Debug|x64
		{2F6B1C81-5C7F-4E5A-A5B6-FFEC53E19593}.Debug|x86.ActiveCfg = Debug|Win32
		{2F6B1C81-5C7F-4E5A-A5B6-FFEC53E19593}.Debug|x86.Build.0 = Debug|Win32
		{2F6B1C81-5C7F-4E5A-A5B6-FFEC53E19593}.Release|x64.ActiveCfg = Release|x64
		{2F6B1C81-5C7F-4E5A-A5B6-FFEC53E19593}.Release|x64.Build.0 = Release|x64
		{2F6B1C81-5C7F-4E5A-A5B6-FFEC53E19593}.Release|x86.ActiveCfg = Release|Win32
		{2F6B1C81-5C7F-4E5A-A5B6-FFEC53E19593}.Release|x86.Build.0 = Release|Win32
	EndGlobalSection
	GlobalSection(SolutionProperties) = preSolution
		HideSolutionNode = FALSE
	EndGlobalSection
	GlobalSection(ExtensibilityGlobals) = postSolution
		SolutionGuid = {1864CD25-1022-4EFE-8F93-7DFE53D9F11C}
	EndGlobalSection
EndGlobal
